
Microsoft Visual Studio Solution File, Format Version 12.00
# Visual Studio Version 17
VisualStudioVersion = 17.5.33502.453
MinimumVisualStudioVersion = 10.0.40219.1
Project("{FAE04EC0-301F-11D3-BF4B-00C04F79EFBC}") = "Takrorlash2", "Takrorlash2\Takrorlash2.csproj", "{C964A726-2498-4ECD-9738-A13DF4C4442B}"
EndProject
Global
	GlobalSection(SolutionConfigurationPlatforms) = preSolution
		Debug|Any CPU = Debug|Any CPU
		Release|Any CPU = Release|Any CPU
	EndGlobalSection
	GlobalSection(ProjectConfigurationPlatforms) = postSolution
		{C964A726-2498-4ECD-9738-A13DF4C4442B}.Debug|Any CPU.ActiveCfg = Debug|Any CPU
		{C964A726-2498-4ECD-9738-A13DF4C4442B}.Debug|Any CPU.Build.0 = Debug|Any CPU
		{C964A726-2498-4ECD-9738-A13DF4C4442B}.Release|Any CPU.ActiveCfg = Release|Any CPU
		{C964A726-2498-4ECD-9738-A13DF4C4442B}.Release|Any CPU.Build.0 = Release|Any CPU
	EndGlobalSection
	GlobalSection(SolutionProperties) = preSolution
		HideSolutionNode = FALSE
	EndGlobalSection
	GlobalSection(ExtensibilityGlobals) = postSolution
		SolutionGuid = {FDD4C000-7777-46B4-9477-D7769F28D561}
	EndGlobalSection
EndGlobal
